
Microsoft Visual Studio Solution File, Format Version 12.00
# Visual Studio Version 17
VisualStudioVersion = 17.6.33829.357
MinimumVisualStudioVersion = 10.0.40219.1
Project("{FAE04EC0-301F-11D3-BF4B-00C04F79EFBC}") = "MukDesignPatterns", "MukDesignPatterns.csproj", "{8FBF16FF-8ABB-48D4-B511-9D24A0D9B2EE}"
EndProject
Global
	GlobalSection(SolutionConfigurationPlatforms) = preSolution
		Debug|Any CPU = Debug|Any CPU
		Release|Any CPU = Release|Any CPU
	EndGlobalSection
	GlobalSection(ProjectConfigurationPlatforms) = postSolution
		{8FBF16FF-8ABB-48D4-B511-9D24A0D9B2EE}.Debug|Any CPU.ActiveCfg = Debug|Any CPU
		{8FBF16FF-8ABB-48D4-B511-9D24A0D9B2EE}.Debug|Any CPU.Build.0 = Debug|Any CPU
		{8FBF16FF-8ABB-48D4-B511-9D24A0D9B2EE}.Release|Any CPU.ActiveCfg = Release|Any CPU
		{8FBF16FF-8ABB-48D4-B511-9D24A0D9B2EE}.Release|Any CPU.Build.0 = Release|Any CPU
	EndGlobalSection
	GlobalSection(SolutionProperties) = preSolution
		HideSolutionNode = FALSE
	EndGlobalSection
	GlobalSection(ExtensibilityGlobals) = postSolution
		SolutionGuid = {3239D932-381B-4F14-9627-E700D587249C}
	EndGlobalSection
EndGlobal
